
Microsoft Visual Studio Solution File, Format Version 12.00
Project("{FAE04EC0-301F-11D3-BF4B-00C04F79EFBC}") = "DynamicUseCases.PythonAsText", "DynamicUseCases.PythonAsText\DynamicUseCases.PythonAsText.csproj", "{5D4C74FE-A0BA-4E73-8B35-1AD01C53E457}"
EndProject
Project("{FAE04EC0-301F-11D3-BF4B-00C04F79EFBC}") = "Dynamic.Performance", "Dynamic.Performance\Dynamic.Performance.csproj", "{715D5E88-B7D4-4829-B249-BA403833658F}"
EndProject
Global
	GlobalSection(SolutionConfigurationPlatforms) = preSolution
		Debug|Any CPU = Debug|Any CPU
		Release|Any CPU = Release|Any CPU
	EndGlobalSection
	GlobalSection(ProjectConfigurationPlatforms) = postSolution
		{5D4C74FE-A0BA-4E73-8B35-1AD01C53E457}.Debug|Any CPU.ActiveCfg = Debug|Any CPU
		{5D4C74FE-A0BA-4E73-8B35-1AD01C53E457}.Debug|Any CPU.Build.0 = Debug|Any CPU
		{5D4C74FE-A0BA-4E73-8B35-1AD01C53E457}.Release|Any CPU.ActiveCfg = Release|Any CPU
		{5D4C74FE-A0BA-4E73-8B35-1AD01C53E457}.Release|Any CPU.Build.0 = Release|Any CPU
		{715D5E88-B7D4-4829-B249-BA403833658F}.Debug|Any CPU.ActiveCfg = Debug|Any CPU
		{715D5E88-B7D4-4829-B249-BA403833658F}.Debug|Any CPU.Build.0 = Debug|Any CPU
		{715D5E88-B7D4-4829-B249-BA403833658F}.Release|Any CPU.ActiveCfg = Release|Any CPU
		{715D5E88-B7D4-4829-B249-BA403833658F}.Release|Any CPU.Build.0 = Release|Any CPU
	EndGlobalSection
EndGlobal
