
Microsoft Visual Studio Solution File, Format Version 12.00
Project("{FAE04EC0-301F-11D3-BF4B-00C04F79EFBC}") = "PeriodicTimer", "PeriodicTimer\PeriodicTimer.csproj", "{66260EC0-BBFC-4B0D-BC1E-11F6D3497C9D}"
EndProject
Project("{FAE04EC0-301F-11D3-BF4B-00C04F79EFBC}") = "ConsoleAppWithPeriodicTimer", "ConsoleAppWithPeriodicTimer\ConsoleAppWithPeriodicTimer.csproj", "{81BB2B65-06C2-4991-84EC-BF04402B1CFB}"
EndProject
Global
	GlobalSection(SolutionConfigurationPlatforms) = preSolution
		Debug|Any CPU = Debug|Any CPU
		Release|Any CPU = Release|Any CPU
	EndGlobalSection
	GlobalSection(ProjectConfigurationPlatforms) = postSolution
		{66260EC0-BBFC-4B0D-BC1E-11F6D3497C9D}.Debug|Any CPU.ActiveCfg = Debug|Any CPU
		{66260EC0-BBFC-4B0D-BC1E-11F6D3497C9D}.Debug|Any CPU.Build.0 = Debug|Any CPU
		{66260EC0-BBFC-4B0D-BC1E-11F6D3497C9D}.Release|Any CPU.ActiveCfg = Release|Any CPU
		{66260EC0-BBFC-4B0D-BC1E-11F6D3497C9D}.Release|Any CPU.Build.0 = Release|Any CPU
		{81BB2B65-06C2-4991-84EC-BF04402B1CFB}.Debug|Any CPU.ActiveCfg = Debug|Any CPU
		{81BB2B65-06C2-4991-84EC-BF04402B1CFB}.Debug|Any CPU.Build.0 = Debug|Any CPU
		{81BB2B65-06C2-4991-84EC-BF04402B1CFB}.Release|Any CPU.ActiveCfg = Release|Any CPU
		{81BB2B65-06C2-4991-84EC-BF04402B1CFB}.Release|Any CPU.Build.0 = Release|Any CPU
	EndGlobalSection
EndGlobal
